
Microsoft Visual Studio Solution File, Format Version 12.00
# Visual Studio Version 16
VisualStudioVersion = 16.0.810.18
MinimumVisualStudioVersion = 10.0.40219.1
Project("{FAE04EC0-301F-11D3-BF4B-00C04F79EFBC}") = "BankEncapsulationExercise", "BankEncapsulationExercise\BankEncapsulationExercise.csproj", "{0B4E1B6D-1C6E-494F-BE29-395406DCAFCE}"
EndProject
Global
	GlobalSection(SolutionConfigurationPlatforms) = preSolution
		Debug|Any CPU = Debug|Any CPU
		Release|Any CPU = Release|Any CPU
	EndGlobalSection
	GlobalSection(ProjectConfigurationPlatforms) = postSolution
		{0B4E1B6D-1C6E-494F-BE29-395406DCAFCE}.Debug|Any CPU.ActiveCfg = Debug|Any CPU
		{0B4E1B6D-1C6E-494F-BE29-395406DCAFCE}.Debug|Any CPU.Build.0 = Debug|Any CPU
		{0B4E1B6D-1C6E-494F-BE29-395406DCAFCE}.Release|Any CPU.ActiveCfg = Release|Any CPU
		{0B4E1B6D-1C6E-494F-BE29-395406DCAFCE}.Release|Any CPU.Build.0 = Release|Any CPU
	EndGlobalSection
	GlobalSection(SolutionProperties) = preSolution
		HideSolutionNode = FALSE
	EndGlobalSection
	GlobalSection(ExtensibilityGlobals) = postSolution
		SolutionGuid = {5F335242-C21D-41F1-B253-4804CF1F045F}
	EndGlobalSection
EndGlobal
